
Microsoft Visual Studio Solution File, Format Version 12.00
# Visual Studio 2013
VisualStudioVersion = 12.0.30723.0
MinimumVisualStudioVersion = 10.0.40219.1
Project("{FAE04EC0-301F-11D3-BF4B-00C04F79EFBC}") = "SteeringDemo.Windows", "SteeringDemo.Windows\SteeringDemo.Windows.csproj", "{C2AA92EF-1C66-4100-B17B-613EA7CB7BCC}"
EndProject
Project("{FAE04EC0-301F-11D3-BF4B-00C04F79EFBC}") = "CocosSharpSteer.Windows", "..\..\src\CocosSharpSteer.Windows.csproj", "{023DAF31-F9B3-4C24-AF48-6E5BC0475831}"
EndProject
Project("{D954291E-2A0B-460D-934E-DC6B0785DB48}") = "SteeringDemo.Shared", "..\SteeringDemo.Shared\SteeringDemo.Shared.shproj", "{DD1EFFF7-31E5-42CE-B0E3-B06081A999BB}"
EndProject
Global
	GlobalSection(SharedMSBuildProjectFiles) = preSolution
		..\SteeringDemo.Shared\SteeringDemo.Shared.projitems*{c2aa92ef-1c66-4100-b17b-613ea7cb7bcc}*SharedItemsImports = 4
		..\SteeringDemo.Shared\SteeringDemo.Shared.projitems*{dd1efff7-31e5-42ce-b0e3-b06081a999bb}*SharedItemsImports = 13
	EndGlobalSection
	GlobalSection(SolutionConfigurationPlatforms) = preSolution
		Debug|Any CPU = Debug|Any CPU
		Debug|Mixed Platforms = Debug|Mixed Platforms
		Debug|x86 = Debug|x86
		DebugPhysics|Any CPU = DebugPhysics|Any CPU
		DebugPhysics|Mixed Platforms = DebugPhysics|Mixed Platforms
		DebugPhysics|x86 = DebugPhysics|x86
		Release|Any CPU = Release|Any CPU
		Release|Mixed Platforms = Release|Mixed Platforms
		Release|x86 = Release|x86
		ReleasePhysics|Any CPU = ReleasePhysics|Any CPU
		ReleasePhysics|Mixed Platforms = ReleasePhysics|Mixed Platforms
		ReleasePhysics|x86 = ReleasePhysics|x86
	EndGlobalSection
	GlobalSection(ProjectConfigurationPlatforms) = postSolution
		{C2AA92EF-1C66-4100-B17B-613EA7CB7BCC}.Debug|Any CPU.ActiveCfg = Debug|x86
		{C2AA92EF-1C66-4100-B17B-613EA7CB7BCC}.Debug|Mixed Platforms.ActiveCfg = Debug|x86
		{C2AA92EF-1C66-4100-B17B-613EA7CB7BCC}.Debug|Mixed Platforms.Build.0 = Debug|x86
		{C2AA92EF-1C66-4100-B17B-613EA7CB7BCC}.Debug|x86.ActiveCfg = Debug|x86
		{C2AA92EF-1C66-4100-B17B-613EA7CB7BCC}.Debug|x86.Build.0 = Debug|x86
		{C2AA92EF-1C66-4100-B17B-613EA7CB7BCC}.DebugPhysics|Any CPU.ActiveCfg = Debug|x86
		{C2AA92EF-1C66-4100-B17B-613EA7CB7BCC}.DebugPhysics|Mixed Platforms.ActiveCfg = Debug|x86
		{C2AA92EF-1C66-4100-B17B-613EA7CB7BCC}.DebugPhysics|Mixed Platforms.Build.0 = Debug|x86
		{C2AA92EF-1C66-4100-B17B-613EA7CB7BCC}.DebugPhysics|x86.ActiveCfg = Debug|x86
		{C2AA92EF-1C66-4100-B17B-613EA7CB7BCC}.DebugPhysics|x86.Build.0 = Debug|x86
		{C2AA92EF-1C66-4100-B17B-613EA7CB7BCC}.Release|Any CPU.ActiveCfg = Release|x86
		{C2AA92EF-1C66-4100-B17B-613EA7CB7BCC}.Release|Mixed Platforms.ActiveCfg = Release|x86
		{C2AA92EF-1C66-4100-B17B-613EA7CB7BCC}.Release|Mixed Platforms.Build.0 = Release|x86
		{C2AA92EF-1C66-4100-B17B-613EA7CB7BCC}.Release|x86.ActiveCfg = Release|x86
		{C2AA92EF-1C66-4100-B17B-613EA7CB7BCC}.Release|x86.Build.0 = Release|x86
		{C2AA92EF-1C66-4100-B17B-613EA7CB7BCC}.ReleasePhysics|Any CPU.ActiveCfg = Release|x86
		{C2AA92EF-1C66-4100-B17B-613EA7CB7BCC}.ReleasePhysics|Mixed Platforms.ActiveCfg = Release|x86
		{C2AA92EF-1C66-4100-B17B-613EA7CB7BCC}.ReleasePhysics|Mixed Platforms.Build.0 = Release|x86
		{C2AA92EF-1C66-4100-B17B-613EA7CB7BCC}.ReleasePhysics|x86.ActiveCfg = Release|x86
		{C2AA92EF-1C66-4100-B17B-613EA7CB7BCC}.ReleasePhysics|x86.Build.0 = Release|x86
		{023DAF31-F9B3-4C24-AF48-6E5BC0475831}.Debug|Any CPU.ActiveCfg = Debug|Any CPU
		{023DAF31-F9B3-4C24-AF48-6E5BC0475831}.Debug|Any CPU.Build.0 = Debug|Any CPU
		{023DAF31-F9B3-4C24-AF48-6E5BC0475831}.Debug|Mixed Platforms.ActiveCfg = Debug|Any CPU
		{023DAF31-F9B3-4C24-AF48-6E5BC0475831}.Debug|Mixed Platforms.Build.0 = Debug|Any CPU
		{023DAF31-F9B3-4C24-AF48-6E5BC0475831}.Debug|x86.ActiveCfg = Debug|Any CPU
		{023DAF31-F9B3-4C24-AF48-6E5BC0475831}.DebugPhysics|Any CPU.ActiveCfg = Debug|Any CPU
		{023DAF31-F9B3-4C24-AF48-6E5BC0475831}.DebugPhysics|Any CPU.Build.0 = Debug|Any CPU
		{023DAF31-F9B3-4C24-AF48-6E5BC0475831}.DebugPhysics|Mixed Platforms.ActiveCfg = Debug|Any CPU
		{023DAF31-F9B3-4C24-AF48-6E5BC0475831}.DebugPhysics|Mixed Platforms.Build.0 = Debug|Any CPU
		{023DAF31-F9B3-4C24-AF48-6E5BC0475831}.DebugPhysics|x86.ActiveCfg = Debug|Any CPU
		{023DAF31-F9B3-4C24-AF48-6E5BC0475831}.Release|Any CPU.ActiveCfg = Release|Any CPU
		{023DAF31-F9B3-4C24-AF48-6E5BC0475831}.Release|Any CPU.Build.0 = Release|Any CPU
		{023DAF31-F9B3-4C24-AF48-6E5BC0475831}.Release|Mixed Platforms.ActiveCfg = Release|Any CPU
		{023DAF31-F9B3-4C24-AF48-6E5BC0475831}.Release|Mixed Platforms.Build.0 = Release|Any CPU
		{023DAF31-F9B3-4C24-AF48-6E5BC0475831}.Release|x86.ActiveCfg = Release|Any CPU
		{023DAF31-F9B3-4C24-AF48-6E5BC0475831}.ReleasePhysics|Any CPU.ActiveCfg = Release|Any CPU
		{023DAF31-F9B3-4C24-AF48-6E5BC0475831}.ReleasePhysics|Any CPU.Build.0 = Release|Any CPU
		{023DAF31-F9B3-4C24-AF48-6E5BC0475831}.ReleasePhysics|Mixed Platforms.ActiveCfg = Release|Any CPU
		{023DAF31-F9B3-4C24-AF48-6E5BC0475831}.ReleasePhysics|Mixed Platforms.Build.0 = Release|Any CPU
		{023DAF31-F9B3-4C24-AF48-6E5BC0475831}.ReleasePhysics|x86.ActiveCfg = Release|Any CPU
	EndGlobalSection
	GlobalSection(SolutionProperties) = preSolution
		HideSolutionNode = FALSE
	EndGlobalSection
EndGlobal
