
Microsoft Visual Studio Solution File, Format Version 12.00
# Visual Studio 2013
VisualStudioVersion = 12.0.30723.0
MinimumVisualStudioVersion = 10.0.40219.1
Project("{FAE04EC0-301F-11D3-BF4B-00C04F79EFBC}") = "SteeringDemo.Windows", "SteeringDemo.Windows\SteeringDemo.Windows.csproj", "{C2AA92EF-1C66-4100-B17B-613EA7CB7BCC}"
EndProject
Project("{FAE04EC0-301F-11D3-BF4B-00C04F79EFBC}") = "CocosSharpSteer.Windows", "..\..\src\CocosSharpSteer.Windows.csproj", "{023DAF31-F9B3-4C24-AF48-6E5BC0475831}"
EndProject
Project("{D954291E-2A0B-460D-934E-DC6B0785DB48}") = "SteeringDemo.Shared", "..\SteeringDemo.Shared\SteeringDemo.Shared.shproj", "{DD1EFFF7-31E5-42CE-B0E3-B06081A999BB}"
EndProject
Project("{FAE04EC0-301F-11D3-BF4B-00C04F79EFBC}") = "SteeringDemo.iOS", "..\SteeringDemo.iOS\SteeringDemo.iOS\SteeringDemo.iOS.csproj", "{71D105DE-53AB-44BF-8F33-D0A7E78D44C6}"
EndProject
Project("{2150E333-8FDC-42A3-9474-1A3956D46DE8}") = ".nuget", ".nuget", "{3F40B4F9-CA5E-43DE-A356-9813EA7045D6}"
	ProjectSection(SolutionItems) = preProject
		.nuget\packages.config = .nuget\packages.config
	EndProjectSection
EndProject
Global
	GlobalSection(SharedMSBuildProjectFiles) = preSolution
		..\SteeringDemo.Shared\SteeringDemo.Shared.projitems*{c2aa92ef-1c66-4100-b17b-613ea7cb7bcc}*SharedItemsImports = 4
		..\SteeringDemo.Shared\SteeringDemo.Shared.projitems*{71d105de-53ab-44bf-8f33-d0a7e78d44c6}*SharedItemsImports = 4
		..\SteeringDemo.Shared\SteeringDemo.Shared.projitems*{dd1efff7-31e5-42ce-b0e3-b06081a999bb}*SharedItemsImports = 13
	EndGlobalSection
	GlobalSection(SolutionConfigurationPlatforms) = preSolution
		Ad-Hoc|Any CPU = Ad-Hoc|Any CPU
		Ad-Hoc|iPhone = Ad-Hoc|iPhone
		Ad-Hoc|iPhoneSimulator = Ad-Hoc|iPhoneSimulator
		Ad-Hoc|Mixed Platforms = Ad-Hoc|Mixed Platforms
		Ad-Hoc|x86 = Ad-Hoc|x86
		AppStore|Any CPU = AppStore|Any CPU
		AppStore|iPhone = AppStore|iPhone
		AppStore|iPhoneSimulator = AppStore|iPhoneSimulator
		AppStore|Mixed Platforms = AppStore|Mixed Platforms
		AppStore|x86 = AppStore|x86
		Debug|Any CPU = Debug|Any CPU
		Debug|iPhone = Debug|iPhone
		Debug|iPhoneSimulator = Debug|iPhoneSimulator
		Debug|Mixed Platforms = Debug|Mixed Platforms
		Debug|x86 = Debug|x86
		DebugPhysics|Any CPU = DebugPhysics|Any CPU
		DebugPhysics|iPhone = DebugPhysics|iPhone
		DebugPhysics|iPhoneSimulator = DebugPhysics|iPhoneSimulator
		DebugPhysics|Mixed Platforms = DebugPhysics|Mixed Platforms
		DebugPhysics|x86 = DebugPhysics|x86
		Release|Any CPU = Release|Any CPU
		Release|iPhone = Release|iPhone
		Release|iPhoneSimulator = Release|iPhoneSimulator
		Release|Mixed Platforms = Release|Mixed Platforms
		Release|x86 = Release|x86
		ReleasePhysics|Any CPU = ReleasePhysics|Any CPU
		ReleasePhysics|iPhone = ReleasePhysics|iPhone
		ReleasePhysics|iPhoneSimulator = ReleasePhysics|iPhoneSimulator
		ReleasePhysics|Mixed Platforms = ReleasePhysics|Mixed Platforms
		ReleasePhysics|x86 = ReleasePhysics|x86
	EndGlobalSection
	GlobalSection(ProjectConfigurationPlatforms) = postSolution
		{C2AA92EF-1C66-4100-B17B-613EA7CB7BCC}.Ad-Hoc|Any CPU.ActiveCfg = Release|x86
		{C2AA92EF-1C66-4100-B17B-613EA7CB7BCC}.Ad-Hoc|iPhone.ActiveCfg = Release|x86
		{C2AA92EF-1C66-4100-B17B-613EA7CB7BCC}.Ad-Hoc|iPhoneSimulator.ActiveCfg = Release|x86
		{C2AA92EF-1C66-4100-B17B-613EA7CB7BCC}.Ad-Hoc|Mixed Platforms.ActiveCfg = Release|x86
		{C2AA92EF-1C66-4100-B17B-613EA7CB7BCC}.Ad-Hoc|Mixed Platforms.Build.0 = Release|x86
		{C2AA92EF-1C66-4100-B17B-613EA7CB7BCC}.Ad-Hoc|x86.ActiveCfg = Release|x86
		{C2AA92EF-1C66-4100-B17B-613EA7CB7BCC}.Ad-Hoc|x86.Build.0 = Release|x86
		{C2AA92EF-1C66-4100-B17B-613EA7CB7BCC}.AppStore|Any CPU.ActiveCfg = Release|x86
		{C2AA92EF-1C66-4100-B17B-613EA7CB7BCC}.AppStore|iPhone.ActiveCfg = Release|x86
		{C2AA92EF-1C66-4100-B17B-613EA7CB7BCC}.AppStore|iPhoneSimulator.ActiveCfg = Release|x86
		{C2AA92EF-1C66-4100-B17B-613EA7CB7BCC}.AppStore|Mixed Platforms.ActiveCfg = Release|x86
		{C2AA92EF-1C66-4100-B17B-613EA7CB7BCC}.AppStore|Mixed Platforms.Build.0 = Release|x86
		{C2AA92EF-1C66-4100-B17B-613EA7CB7BCC}.AppStore|x86.ActiveCfg = Release|x86
		{C2AA92EF-1C66-4100-B17B-613EA7CB7BCC}.AppStore|x86.Build.0 = Release|x86
		{C2AA92EF-1C66-4100-B17B-613EA7CB7BCC}.Debug|Any CPU.ActiveCfg = Debug|x86
		{C2AA92EF-1C66-4100-B17B-613EA7CB7BCC}.Debug|iPhone.ActiveCfg = Debug|x86
		{C2AA92EF-1C66-4100-B17B-613EA7CB7BCC}.Debug|iPhoneSimulator.ActiveCfg = Debug|x86
		{C2AA92EF-1C66-4100-B17B-613EA7CB7BCC}.Debug|Mixed Platforms.ActiveCfg = Debug|x86
		{C2AA92EF-1C66-4100-B17B-613EA7CB7BCC}.Debug|Mixed Platforms.Build.0 = Debug|x86
		{C2AA92EF-1C66-4100-B17B-613EA7CB7BCC}.Debug|x86.ActiveCfg = Debug|x86
		{C2AA92EF-1C66-4100-B17B-613EA7CB7BCC}.Debug|x86.Build.0 = Debug|x86
		{C2AA92EF-1C66-4100-B17B-613EA7CB7BCC}.DebugPhysics|Any CPU.ActiveCfg = Debug|x86
		{C2AA92EF-1C66-4100-B17B-613EA7CB7BCC}.DebugPhysics|iPhone.ActiveCfg = Debug|x86
		{C2AA92EF-1C66-4100-B17B-613EA7CB7BCC}.DebugPhysics|iPhoneSimulator.ActiveCfg = Debug|x86
		{C2AA92EF-1C66-4100-B17B-613EA7CB7BCC}.DebugPhysics|Mixed Platforms.ActiveCfg = Debug|x86
		{C2AA92EF-1C66-4100-B17B-613EA7CB7BCC}.DebugPhysics|Mixed Platforms.Build.0 = Debug|x86
		{C2AA92EF-1C66-4100-B17B-613EA7CB7BCC}.DebugPhysics|x86.ActiveCfg = Debug|x86
		{C2AA92EF-1C66-4100-B17B-613EA7CB7BCC}.DebugPhysics|x86.Build.0 = Debug|x86
		{C2AA92EF-1C66-4100-B17B-613EA7CB7BCC}.Release|Any CPU.ActiveCfg = Release|x86
		{C2AA92EF-1C66-4100-B17B-613EA7CB7BCC}.Release|iPhone.ActiveCfg = Release|x86
		{C2AA92EF-1C66-4100-B17B-613EA7CB7BCC}.Release|iPhoneSimulator.ActiveCfg = Release|x86
		{C2AA92EF-1C66-4100-B17B-613EA7CB7BCC}.Release|Mixed Platforms.ActiveCfg = Release|x86
		{C2AA92EF-1C66-4100-B17B-613EA7CB7BCC}.Release|Mixed Platforms.Build.0 = Release|x86
		{C2AA92EF-1C66-4100-B17B-613EA7CB7BCC}.Release|x86.ActiveCfg = Release|x86
		{C2AA92EF-1C66-4100-B17B-613EA7CB7BCC}.Release|x86.Build.0 = Release|x86
		{C2AA92EF-1C66-4100-B17B-613EA7CB7BCC}.ReleasePhysics|Any CPU.ActiveCfg = Release|x86
		{C2AA92EF-1C66-4100-B17B-613EA7CB7BCC}.ReleasePhysics|iPhone.ActiveCfg = Release|x86
		{C2AA92EF-1C66-4100-B17B-613EA7CB7BCC}.ReleasePhysics|iPhoneSimulator.ActiveCfg = Release|x86
		{C2AA92EF-1C66-4100-B17B-613EA7CB7BCC}.ReleasePhysics|Mixed Platforms.ActiveCfg = Release|x86
		{C2AA92EF-1C66-4100-B17B-613EA7CB7BCC}.ReleasePhysics|Mixed Platforms.Build.0 = Release|x86
		{C2AA92EF-1C66-4100-B17B-613EA7CB7BCC}.ReleasePhysics|x86.ActiveCfg = Release|x86
		{C2AA92EF-1C66-4100-B17B-613EA7CB7BCC}.ReleasePhysics|x86.Build.0 = Release|x86
		{023DAF31-F9B3-4C24-AF48-6E5BC0475831}.Ad-Hoc|Any CPU.ActiveCfg = Release|Any CPU
		{023DAF31-F9B3-4C24-AF48-6E5BC0475831}.Ad-Hoc|Any CPU.Build.0 = Release|Any CPU
		{023DAF31-F9B3-4C24-AF48-6E5BC0475831}.Ad-Hoc|iPhone.ActiveCfg = Release|Any CPU
		{023DAF31-F9B3-4C24-AF48-6E5BC0475831}.Ad-Hoc|iPhoneSimulator.ActiveCfg = Release|Any CPU
		{023DAF31-F9B3-4C24-AF48-6E5BC0475831}.Ad-Hoc|Mixed Platforms.ActiveCfg = Release|Any CPU
		{023DAF31-F9B3-4C24-AF48-6E5BC0475831}.Ad-Hoc|Mixed Platforms.Build.0 = Release|Any CPU
		{023DAF31-F9B3-4C24-AF48-6E5BC0475831}.Ad-Hoc|x86.ActiveCfg = Release|Any CPU
		{023DAF31-F9B3-4C24-AF48-6E5BC0475831}.AppStore|Any CPU.ActiveCfg = Release|Any CPU
		{023DAF31-F9B3-4C24-AF48-6E5BC0475831}.AppStore|Any CPU.Build.0 = Release|Any CPU
		{023DAF31-F9B3-4C24-AF48-6E5BC0475831}.AppStore|iPhone.ActiveCfg = Release|Any CPU
		{023DAF31-F9B3-4C24-AF48-6E5BC0475831}.AppStore|iPhoneSimulator.ActiveCfg = Release|Any CPU
		{023DAF31-F9B3-4C24-AF48-6E5BC0475831}.AppStore|Mixed Platforms.ActiveCfg = Release|Any CPU
		{023DAF31-F9B3-4C24-AF48-6E5BC0475831}.AppStore|Mixed Platforms.Build.0 = Release|Any CPU
		{023DAF31-F9B3-4C24-AF48-6E5BC0475831}.AppStore|x86.ActiveCfg = Release|Any CPU
		{023DAF31-F9B3-4C24-AF48-6E5BC0475831}.Debug|Any CPU.ActiveCfg = Debug|Any CPU
		{023DAF31-F9B3-4C24-AF48-6E5BC0475831}.Debug|Any CPU.Build.0 = Debug|Any CPU
		{023DAF31-F9B3-4C24-AF48-6E5BC0475831}.Debug|iPhone.ActiveCfg = Debug|Any CPU
		{023DAF31-F9B3-4C24-AF48-6E5BC0475831}.Debug|iPhoneSimulator.ActiveCfg = Debug|Any CPU
		{023DAF31-F9B3-4C24-AF48-6E5BC0475831}.Debug|Mixed Platforms.ActiveCfg = Debug|Any CPU
		{023DAF31-F9B3-4C24-AF48-6E5BC0475831}.Debug|Mixed Platforms.Build.0 = Debug|Any CPU
		{023DAF31-F9B3-4C24-AF48-6E5BC0475831}.Debug|x86.ActiveCfg = Debug|Any CPU
		{023DAF31-F9B3-4C24-AF48-6E5BC0475831}.DebugPhysics|Any CPU.ActiveCfg = Debug|Any CPU
		{023DAF31-F9B3-4C24-AF48-6E5BC0475831}.DebugPhysics|Any CPU.Build.0 = Debug|Any CPU
		{023DAF31-F9B3-4C24-AF48-6E5BC0475831}.DebugPhysics|iPhone.ActiveCfg = Debug|Any CPU
		{023DAF31-F9B3-4C24-AF48-6E5BC0475831}.DebugPhysics|iPhoneSimulator.ActiveCfg = Debug|Any CPU
		{023DAF31-F9B3-4C24-AF48-6E5BC0475831}.DebugPhysics|Mixed Platforms.ActiveCfg = Debug|Any CPU
		{023DAF31-F9B3-4C24-AF48-6E5BC0475831}.DebugPhysics|Mixed Platforms.Build.0 = Debug|Any CPU
		{023DAF31-F9B3-4C24-AF48-6E5BC0475831}.DebugPhysics|x86.ActiveCfg = Debug|Any CPU
		{023DAF31-F9B3-4C24-AF48-6E5BC0475831}.Release|Any CPU.ActiveCfg = Release|Any CPU
		{023DAF31-F9B3-4C24-AF48-6E5BC0475831}.Release|Any CPU.Build.0 = Release|Any CPU
		{023DAF31-F9B3-4C24-AF48-6E5BC0475831}.Release|iPhone.ActiveCfg = Release|Any CPU
		{023DAF31-F9B3-4C24-AF48-6E5BC0475831}.Release|iPhoneSimulator.ActiveCfg = Release|Any CPU
		{023DAF31-F9B3-4C24-AF48-6E5BC0475831}.Release|Mixed Platforms.ActiveCfg = Release|Any CPU
		{023DAF31-F9B3-4C24-AF48-6E5BC0475831}.Release|Mixed Platforms.Build.0 = Release|Any CPU
		{023DAF31-F9B3-4C24-AF48-6E5BC0475831}.Release|x86.ActiveCfg = Release|Any CPU
		{023DAF31-F9B3-4C24-AF48-6E5BC0475831}.ReleasePhysics|Any CPU.ActiveCfg = Release|Any CPU
		{023DAF31-F9B3-4C24-AF48-6E5BC0475831}.ReleasePhysics|Any CPU.Build.0 = Release|Any CPU
		{023DAF31-F9B3-4C24-AF48-6E5BC0475831}.ReleasePhysics|iPhone.ActiveCfg = Release|Any CPU
		{023DAF31-F9B3-4C24-AF48-6E5BC0475831}.ReleasePhysics|iPhoneSimulator.ActiveCfg = Release|Any CPU
		{023DAF31-F9B3-4C24-AF48-6E5BC0475831}.ReleasePhysics|Mixed Platforms.ActiveCfg = Release|Any CPU
		{023DAF31-F9B3-4C24-AF48-6E5BC0475831}.ReleasePhysics|Mixed Platforms.Build.0 = Release|Any CPU
		{023DAF31-F9B3-4C24-AF48-6E5BC0475831}.ReleasePhysics|x86.ActiveCfg = Release|Any CPU
		{71D105DE-53AB-44BF-8F33-D0A7E78D44C6}.Ad-Hoc|Any CPU.ActiveCfg = Ad-Hoc|iPhone
		{71D105DE-53AB-44BF-8F33-D0A7E78D44C6}.Ad-Hoc|iPhone.ActiveCfg = Ad-Hoc|iPhone
		{71D105DE-53AB-44BF-8F33-D0A7E78D44C6}.Ad-Hoc|iPhone.Build.0 = Ad-Hoc|iPhone
		{71D105DE-53AB-44BF-8F33-D0A7E78D44C6}.Ad-Hoc|iPhoneSimulator.ActiveCfg = Ad-Hoc|iPhoneSimulator
		{71D105DE-53AB-44BF-8F33-D0A7E78D44C6}.Ad-Hoc|iPhoneSimulator.Build.0 = Ad-Hoc|iPhoneSimulator
		{71D105DE-53AB-44BF-8F33-D0A7E78D44C6}.Ad-Hoc|Mixed Platforms.ActiveCfg = Ad-Hoc|iPhone
		{71D105DE-53AB-44BF-8F33-D0A7E78D44C6}.Ad-Hoc|Mixed Platforms.Build.0 = Ad-Hoc|iPhone
		{71D105DE-53AB-44BF-8F33-D0A7E78D44C6}.Ad-Hoc|x86.ActiveCfg = Ad-Hoc|iPhone
		{71D105DE-53AB-44BF-8F33-D0A7E78D44C6}.AppStore|Any CPU.ActiveCfg = AppStore|iPhone
		{71D105DE-53AB-44BF-8F33-D0A7E78D44C6}.AppStore|iPhone.ActiveCfg = AppStore|iPhone
		{71D105DE-53AB-44BF-8F33-D0A7E78D44C6}.AppStore|iPhone.Build.0 = AppStore|iPhone
		{71D105DE-53AB-44BF-8F33-D0A7E78D44C6}.AppStore|iPhoneSimulator.ActiveCfg = AppStore|iPhoneSimulator
		{71D105DE-53AB-44BF-8F33-D0A7E78D44C6}.AppStore|iPhoneSimulator.Build.0 = AppStore|iPhoneSimulator
		{71D105DE-53AB-44BF-8F33-D0A7E78D44C6}.AppStore|Mixed Platforms.ActiveCfg = AppStore|iPhone
		{71D105DE-53AB-44BF-8F33-D0A7E78D44C6}.AppStore|Mixed Platforms.Build.0 = AppStore|iPhone
		{71D105DE-53AB-44BF-8F33-D0A7E78D44C6}.AppStore|x86.ActiveCfg = AppStore|iPhone
		{71D105DE-53AB-44BF-8F33-D0A7E78D44C6}.Debug|Any CPU.ActiveCfg = Debug|iPhone
		{71D105DE-53AB-44BF-8F33-D0A7E78D44C6}.Debug|iPhone.ActiveCfg = Debug|iPhone
		{71D105DE-53AB-44BF-8F33-D0A7E78D44C6}.Debug|iPhone.Build.0 = Debug|iPhone
		{71D105DE-53AB-44BF-8F33-D0A7E78D44C6}.Debug|iPhoneSimulator.ActiveCfg = Debug|iPhoneSimulator
		{71D105DE-53AB-44BF-8F33-D0A7E78D44C6}.Debug|iPhoneSimulator.Build.0 = Debug|iPhoneSimulator
		{71D105DE-53AB-44BF-8F33-D0A7E78D44C6}.Debug|Mixed Platforms.ActiveCfg = Debug|iPhone
		{71D105DE-53AB-44BF-8F33-D0A7E78D44C6}.Debug|Mixed Platforms.Build.0 = Debug|iPhone
		{71D105DE-53AB-44BF-8F33-D0A7E78D44C6}.Debug|x86.ActiveCfg = Debug|iPhone
		{71D105DE-53AB-44BF-8F33-D0A7E78D44C6}.DebugPhysics|Any CPU.ActiveCfg = Debug|iPhone
		{71D105DE-53AB-44BF-8F33-D0A7E78D44C6}.DebugPhysics|iPhone.ActiveCfg = Debug|iPhone
		{71D105DE-53AB-44BF-8F33-D0A7E78D44C6}.DebugPhysics|iPhone.Build.0 = Debug|iPhone
		{71D105DE-53AB-44BF-8F33-D0A7E78D44C6}.DebugPhysics|iPhoneSimulator.ActiveCfg = Debug|iPhoneSimulator
		{71D105DE-53AB-44BF-8F33-D0A7E78D44C6}.DebugPhysics|iPhoneSimulator.Build.0 = Debug|iPhoneSimulator
		{71D105DE-53AB-44BF-8F33-D0A7E78D44C6}.DebugPhysics|Mixed Platforms.ActiveCfg = Debug|iPhone
		{71D105DE-53AB-44BF-8F33-D0A7E78D44C6}.DebugPhysics|Mixed Platforms.Build.0 = Debug|iPhone
		{71D105DE-53AB-44BF-8F33-D0A7E78D44C6}.DebugPhysics|x86.ActiveCfg = Debug|iPhone
		{71D105DE-53AB-44BF-8F33-D0A7E78D44C6}.Release|Any CPU.ActiveCfg = Release|iPhone
		{71D105DE-53AB-44BF-8F33-D0A7E78D44C6}.Release|iPhone.ActiveCfg = Release|iPhone
		{71D105DE-53AB-44BF-8F33-D0A7E78D44C6}.Release|iPhone.Build.0 = Release|iPhone
		{71D105DE-53AB-44BF-8F33-D0A7E78D44C6}.Release|iPhoneSimulator.ActiveCfg = Release|iPhoneSimulator
		{71D105DE-53AB-44BF-8F33-D0A7E78D44C6}.Release|iPhoneSimulator.Build.0 = Release|iPhoneSimulator
		{71D105DE-53AB-44BF-8F33-D0A7E78D44C6}.Release|Mixed Platforms.ActiveCfg = Release|iPhone
		{71D105DE-53AB-44BF-8F33-D0A7E78D44C6}.Release|Mixed Platforms.Build.0 = Release|iPhone
		{71D105DE-53AB-44BF-8F33-D0A7E78D44C6}.Release|x86.ActiveCfg = Release|iPhone
		{71D105DE-53AB-44BF-8F33-D0A7E78D44C6}.ReleasePhysics|Any CPU.ActiveCfg = Release|iPhone
		{71D105DE-53AB-44BF-8F33-D0A7E78D44C6}.ReleasePhysics|iPhone.ActiveCfg = Release|iPhone
		{71D105DE-53AB-44BF-8F33-D0A7E78D44C6}.ReleasePhysics|iPhone.Build.0 = Release|iPhone
		{71D105DE-53AB-44BF-8F33-D0A7E78D44C6}.ReleasePhysics|iPhoneSimulator.ActiveCfg = Release|iPhoneSimulator
		{71D105DE-53AB-44BF-8F33-D0A7E78D44C6}.ReleasePhysics|iPhoneSimulator.Build.0 = Release|iPhoneSimulator
		{71D105DE-53AB-44BF-8F33-D0A7E78D44C6}.ReleasePhysics|Mixed Platforms.ActiveCfg = Release|iPhone
		{71D105DE-53AB-44BF-8F33-D0A7E78D44C6}.ReleasePhysics|Mixed Platforms.Build.0 = Release|iPhone
		{71D105DE-53AB-44BF-8F33-D0A7E78D44C6}.ReleasePhysics|x86.ActiveCfg = Release|iPhone
	EndGlobalSection
	GlobalSection(SolutionProperties) = preSolution
		HideSolutionNode = FALSE
	EndGlobalSection
EndGlobal
